# Generated by conda-lock.
# platform: linux-aarch64
# input_hash: cf72288b016227dc87e358470c9d7c84a82d088f1b51efa792f2a74bdfda3a2d
@EXPLICIT
https://repo.anaconda.com/pkgs/main/linux-aarch64/_libgcc_mutex-0.1-main.conda#b272288d02db5520249ca7870c2287b4
https://repo.anaconda.com/pkgs/main/linux-aarch64/blas-1.0-openblas.conda#9b39fee0a4df4510455d75f56cf59bef
https://repo.anaconda.com/pkgs/main/linux-aarch64/ca-certificates-2025.11.4-hd43f75c_0.conda#e7eb7962b4cdc6a6c67e8ab7e056231e
https://repo.anaconda.com/pkgs/main/noarch/tzdata-2025b-h04d1e81_0.conda#1d027393db3427ab22a02aa44a56f143
https://repo.anaconda.com/pkgs/main/linux-aarch64/ld_impl_linux-aarch64-2.44-h4e4ac68_2.conda#18328ad18956d228a084180a134ed390
https://repo.anaconda.com/pkgs/main/linux-aarch64/libgomp-15.2.0-hf47c802_7.conda#3403656472f38870e65c29aa6065e00e
https://repo.anaconda.com/pkgs/main/linux-aarch64/_openmp_mutex-5.1-51_gnu.conda#66329dd81c60123e0d7c4c39b7ee7afe
https://repo.anaconda.com/pkgs/main/linux-aarch64/libgcc-15.2.0-hc18542e_7.conda#a31a8c63a5fe7234863f8e9dd2b20901
https://repo.anaconda.com/pkgs/main/linux-aarch64/libgcc-ng-15.2.0-h51576c1_7.conda#e7d01ec71523a231b0d3b83f33a2dd21
https://repo.anaconda.com/pkgs/main/linux-aarch64/libgfortran5-15.2.0-hdc851ad_7.conda#6031a9543eee4faaf1c7aaaba49cdaef
https://repo.anaconda.com/pkgs/main/linux-aarch64/libstdcxx-15.2.0-h9538471_7.conda#90938778a2b6d4ba5c618b6e95b07a4b
https://repo.anaconda.com/pkgs/main/linux-aarch64/bzip2-1.0.8-h998d150_6.conda#f580b2013db742598b2d59875bccf774
https://repo.anaconda.com/pkgs/main/linux-aarch64/libgfortran-15.2.0-h51576c1_7.conda#195ce2b42d50ed25d21cbc22f02242ef
https://repo.anaconda.com/pkgs/main/linux-aarch64/libnsl-2.0.0-h998d150_0.conda#fced6107191fd63460a0400f6ce2fe51
https://repo.anaconda.com/pkgs/main/linux-aarch64/libstdcxx-ng-15.2.0-h719ae8e_7.conda#34e6c37bb398595bc67ef229f5e60c80
https://repo.anaconda.com/pkgs/main/linux-aarch64/libuuid-1.41.5-h998d150_0.conda#59cd225a7659291aa716c6cdae7e1363
https://repo.anaconda.com/pkgs/main/linux-aarch64/libzlib-1.3.1-h998d150_0.conda#7d92046a5eb7a64af7ffbd0bc5ae7366
https://repo.anaconda.com/pkgs/main/linux-aarch64/ncurses-6.5-h419075a_0.conda#7a1863281d1b73c33d04a3709fda9bda
https://repo.anaconda.com/pkgs/main/linux-aarch64/openssl-3.0.18-h8a9c3cf_0.conda#be0a54f13898461061c183334f9be169
https://repo.anaconda.com/pkgs/main/linux-aarch64/pthread-stubs-0.3-hfd63f10_1.conda#bd26b7e13996984230e8ec67f3ebd4c7
https://repo.anaconda.com/pkgs/main/linux-aarch64/xorg-libxau-1.0.12-hf66535e_0.conda#96f0df92ef31ad0aaf27b6b373e4f510
https://repo.anaconda.com/pkgs/main/linux-aarch64/xorg-libxdmcp-1.1.5-hf66535e_0.conda#5bfda69ee113cfc8e38e0214c078ef4e
https://repo.anaconda.com/pkgs/main/linux-aarch64/xorg-xorgproto-2024.1-h998d150_1.conda#46b530510556e0b1830c40b5ac625f0e
https://repo.anaconda.com/pkgs/main/linux-aarch64/xz-5.6.4-h998d150_1.conda#f24eba0df128871df1e71b7bb2df9868
https://repo.anaconda.com/pkgs/main/linux-aarch64/yaml-0.2.5-hfd63f10_0.conda#588d487b103786708d10c1800d048fd4
https://repo.anaconda.com/pkgs/main/linux-aarch64/expat-2.7.3-hc366171_0.conda#a6a694a8b2fcfb74b6aefa78c1918fef
https://repo.anaconda.com/pkgs/main/linux-aarch64/libffi-3.4.4-h419075a_1.conda#34c197394030fa553d97fc902585ee9b
https://repo.anaconda.com/pkgs/main/linux-aarch64/libgfortran-ng-15.2.0-h51576c1_7.conda#81d7a753741ef2c031f425e15ebfe5f5
https://repo.anaconda.com/pkgs/main/linux-aarch64/libxcb-1.17.0-hf66535e_0.conda#28e00a696fd74b7550b7d1b8698e10af
https://repo.anaconda.com/pkgs/main/linux-aarch64/lz4-c-1.9.4-h419075a_1.conda#70c4ab9462183ac4af60852d2a79fbf6
https://repo.anaconda.com/pkgs/main/linux-aarch64/readline-8.3-h886d1d0_0.conda#f04b3cb7ab28e886ceb012e4e9626e82
https://repo.anaconda.com/pkgs/main/linux-aarch64/zlib-1.3.1-h998d150_0.conda#58ccfae41b6e3ad4fd6961071d450f6a
https://repo.anaconda.com/pkgs/main/linux-aarch64/libopenblas-0.3.30-h90745d9_2.conda#07ed1171ca8325bb43e329389888ce5f
https://repo.anaconda.com/pkgs/main/linux-aarch64/sqlite-3.51.0-hc5b20ee_0.conda#69de12d499f0da8ba9b579f5578c4771
https://repo.anaconda.com/pkgs/main/linux-aarch64/xorg-libx11-1.8.12-hf66535e_1.conda#e87565f2b050d575ee056f472d062383
https://repo.anaconda.com/pkgs/main/linux-aarch64/zstd-1.5.7-hc8aa508_0.conda#abc05ce4daceeb1fa321b365cb847975
https://repo.anaconda.com/pkgs/main/linux-aarch64/dbus-1.16.2-h6a16351_0.conda#6a7d865ed36eeecaaaf64a27519a3c7d
https://repo.anaconda.com/pkgs/main/linux-aarch64/tk-8.6.15-h987d8db_0.conda#6a7f42565108e00d27f68f4ae5751c53
https://repo.anaconda.com/pkgs/main/linux-aarch64/python-3.11.14-h81fb49f_0.conda#9d07a0100c905f2368038347ba555856
https://repo.anaconda.com/pkgs/main/linux-aarch64/annotated-types-0.6.0-py311hd43f75c_1.conda#a2335ea4de43389228614cf3fce4991e
https://repo.anaconda.com/pkgs/main/noarch/appdirs-1.4.4-pyhd3eb1b0_0.conda#5673d98d06171cb6eed03a6736845c4d
https://repo.anaconda.com/pkgs/main/linux-aarch64/backports.tarfile-1.2.0-py311hd43f75c_0.conda#5d24ba8b9af958ce889879e3676b6308
https://repo.anaconda.com/pkgs/main/linux-aarch64/boltons-25.0.0-py311hd43f75c_0.conda#40e74cf434ac552333781a5abaf1ba5d
https://repo.anaconda.com/pkgs/main/linux-aarch64/certifi-2025.11.12-py311hd43f75c_0.conda#61768edd288f9e94088a264f70b65d4a
https://repo.anaconda.com/pkgs/main/linux-aarch64/charset-normalizer-3.4.4-py311hd43f75c_0.conda#600b38b714cc1dae2a0577a19cf86418
https://repo.anaconda.com/pkgs/main/linux-aarch64/click-8.2.1-py311hd43f75c_0.conda#913ae7116e903f6b51659c6558c69c86
https://repo.anaconda.com/pkgs/main/linux-aarch64/crashtest-0.4.1-py311hd43f75c_1.conda#edf618343877720ca4dfff7eff23826f
https://repo.anaconda.com/pkgs/main/linux-aarch64/distlib-0.4.0-py311ha28494d_0.conda#d25ec196b559f091e11740bdcdc741df
https://repo.anaconda.com/pkgs/main/linux-aarch64/filelock-3.20.0-py311hd43f75c_0.conda#33aad849a4910a35b67a38c560dff027
https://repo.anaconda.com/pkgs/main/linux-aarch64/idna-3.11-py311hd43f75c_0.conda#1718490d4f1a83270517cf01301d74db
https://repo.anaconda.com/pkgs/main/noarch/jeepney-0.7.1-pyhd3eb1b0_0.conda#f115ef0af90b59f35ef56743955979a4
https://repo.anaconda.com/pkgs/main/linux-aarch64/markupsafe-3.0.2-py311h998d150_0.conda#114bda4b27fca682b2df6de220c2d3a9
https://repo.anaconda.com/pkgs/main/linux-aarch64/more-itertools-10.8.0-py311hd43f75c_0.conda#42a39970bf87315087d749af43a4f4b8
https://repo.anaconda.com/pkgs/main/linux-aarch64/msgpack-python-1.1.1-py311h419075a_0.conda#0e9c4241eea204b2c4f7f3c47aaf371b
https://repo.anaconda.com/pkgs/main/linux-aarch64/numpy-base-2.3.5-py311h9f084ca_0.conda#cce1a8f8587ac6a887ec0a78c08a8aa4
https://repo.anaconda.com/pkgs/main/linux-aarch64/packaging-25.0-py311hd43f75c_1.conda#8d35ae2e32e36f69dd30ce76fb0b471e
https://repo.anaconda.com/pkgs/main/linux-aarch64/pkginfo-1.12.0-py311hd43f75c_0.conda#5d537499d8015c349260ab39aa0a186d
https://repo.anaconda.com/pkgs/main/linux-aarch64/platformdirs-4.5.0-py311hd43f75c_0.conda#6a51c1e6d84f0f9211446670ffe40107
https://repo.anaconda.com/pkgs/main/linux-aarch64/pycparser-2.23-py311hd43f75c_0.conda#435fc20b2c89a940ce3a876bc0d6ebb6
https://repo.anaconda.com/pkgs/main/linux-aarch64/pyproject_hooks-1.2.0-py311hd43f75c_1.conda#d37963f58653c84d9a6055862864fa43
https://repo.anaconda.com/pkgs/main/linux-aarch64/pysocks-1.7.1-py311hd43f75c_1.conda#b723488833b8c9175dc81d9db1a55de7
https://repo.anaconda.com/pkgs/main/linux-aarch64/python-fastjsonschema-2.21.2-py311hd43f75c_0.conda#85e6d9707b3246360911bab3a56233a7
https://repo.anaconda.com/pkgs/main/noarch/python-installer-0.7.0-pyhd3eb1b0_1.conda#e6e9eebc3f5a566edd993f3de7f21e01
https://repo.anaconda.com/pkgs/main/noarch/python-tzdata-2025.2-pyhd3eb1b0_0.conda#5ac858f05dbf9d3cdb04d53516901247
https://repo.anaconda.com/pkgs/main/linux-aarch64/pytz-2025.2-py311hd43f75c_0.conda#9cafb5bda6c4966374d809672e098489
https://repo.anaconda.com/pkgs/main/linux-aarch64/pyyaml-6.0.3-py311hbd8301c_0.conda#de3c87c82c0b16f8ca15fde544f7629e
https://repo.anaconda.com/pkgs/main/linux-aarch64/ruamel.yaml.clib-0.2.14-py311hd7af942_0.conda#4b39fb65db48a12243b389055f94e95b
https://repo.anaconda.com/pkgs/main/linux-aarch64/semver-3.0.4-py311hd43f75c_0.conda#cd801b3d64c64b2f33232adcdc692112
https://repo.anaconda.com/pkgs/main/linux-aarch64/setuptools-80.9.0-py311hd43f75c_0.conda#67ab408e625984c345cc0835e5e559f5
https://repo.anaconda.com/pkgs/main/linux-aarch64/shellingham-1.5.4-py311hd43f75c_0.conda#110ded3fa8b0793791ff8fac1e4fff49
https://repo.anaconda.com/pkgs/main/linux-aarch64/six-1.17.0-py311hd43f75c_0.conda#4b4941b44b876577289b2bf2057ff862
https://repo.anaconda.com/pkgs/main/linux-aarch64/smmap-5.0.2-py311hd43f75c_0.conda#b60e79308c2b8e8d0c4ad0a63b89b4cc
https://repo.anaconda.com/pkgs/main/linux-aarch64/tomlkit-0.13.3-py311hd43f75c_0.conda#dcf334e457727486d2f97138b8258e53
https://repo.anaconda.com/pkgs/main/linux-aarch64/trove-classifiers-2025.5.9.12-py311hd43f75c_0.conda#e4c4fd887919d4b4923c3247451db555
https://repo.anaconda.com/pkgs/main/linux-aarch64/typing_extensions-4.15.0-py311hd43f75c_0.conda#0b1ce66f3be2175d13679e9d2f8af300
https://repo.anaconda.com/pkgs/main/linux-aarch64/wheel-0.45.1-py311hd43f75c_0.conda#143b18ea6196750f7b9c535288e2e258
https://repo.anaconda.com/pkgs/main/linux-aarch64/zipp-3.23.0-py311hd43f75c_0.conda#a29180eaca6ad3e35b15a8c3e1015d55
https://repo.anaconda.com/pkgs/main/linux-aarch64/cffi-2.0.0-py311h2d8c4a8_1.conda#d63e3ff9d076194aebfc06a8b6945ec9
https://repo.anaconda.com/pkgs/main/linux-aarch64/click-default-group-1.2.2-py311hd43f75c_0.conda#7fc857e63d92114c8b073ee5311aa9d9
https://repo.anaconda.com/pkgs/main/linux-aarch64/gitdb-4.0.12-py311hd43f75c_0.conda#68e6eecdbbfc64a590e8b36d2f158544
https://repo.anaconda.com/pkgs/main/linux-aarch64/importlib-metadata-8.7.0-py311hd43f75c_0.conda#2187a6be4fd54f9a31d77ab68e5ca79b
https://repo.anaconda.com/pkgs/main/linux-aarch64/jaraco.classes-3.4.0-py311hd43f75c_0.conda#b60b83a242b806d20ce0a209d5581dda
https://repo.anaconda.com/pkgs/main/linux-aarch64/jaraco.context-6.0.0-py311hd43f75c_0.conda#d935f3dd86a51a0406cb2dea41801cf5
https://repo.anaconda.com/pkgs/main/linux-aarch64/jaraco.functools-4.1.0-py311hd43f75c_0.conda#cecefd9533da74305bbca8525c6acd87
https://repo.anaconda.com/pkgs/main/linux-aarch64/jinja2-3.1.6-py311hd43f75c_0.conda#723fcfe38554a179869fb14d4bc9690e
https://repo.anaconda.com/pkgs/main/linux-aarch64/numpy-2.3.5-py311hd965a70_0.conda#aec7e0ad7880027c74feb98bae640a71
https://repo.anaconda.com/pkgs/main/noarch/pip-25.3-pyhc872135_0.conda#f713912a259ec613b3832c3bc842e9d4
https://repo.anaconda.com/pkgs/main/linux-aarch64/python-build-1.3.0-py311hd43f75c_1.conda#011866236b63247993df99a10dff500e
https://repo.anaconda.com/pkgs/main/linux-aarch64/python-dateutil-2.9.0post0-py311hd43f75c_2.conda#4dab34bce9d02555b9b0e1b3305aad2a
https://repo.anaconda.com/pkgs/main/linux-aarch64/ruamel.yaml-0.18.16-py311hd7af942_0.conda#89c826f0457a5a953245b703e965ba3d
https://repo.anaconda.com/pkgs/main/linux-aarch64/typing-extensions-4.15.0-py311hd43f75c_0.conda#1bc4d850ead3668fc4bb76eb4e2ad476
https://repo.anaconda.com/pkgs/main/linux-aarch64/typing-inspection-0.4.2-py311hd43f75c_0.conda#d5d1cfafee9681f7e04691b876c17a1d
https://repo.anaconda.com/pkgs/main/linux-aarch64/virtualenv-20.28.0-py311hd43f75c_0.conda#db6e5fe265fc48bf4b39d9eae7ec6e21
https://repo.anaconda.com/pkgs/main/linux-aarch64/bottleneck-1.4.2-py311h3a5b157_1.conda#f47e0e616634ba9fffa3c500b43f43a3
https://repo.anaconda.com/pkgs/main/linux-aarch64/brotlicffi-1.1.0.0-py311hd80b68a_0.conda#f54f37f991cc119c9b90234751360ead
https://repo.anaconda.com/pkgs/main/linux-aarch64/cryptography-46.0.3-py311h80a530f_0.conda#cb1798f7baa47fd5d28ea23ccbff3b7b
https://repo.anaconda.com/pkgs/main/linux-aarch64/gitpython-3.1.45-py311hd43f75c_0.conda#45836e4338a3c1fce82baf0e93c90954
https://repo.anaconda.com/pkgs/main/linux-aarch64/numexpr-2.14.1-py311h3869fce_0.conda#345450b858c28996e84d2c305d889cc6
https://repo.anaconda.com/pkgs/main/linux-aarch64/pydantic-core-2.41.4-py311hff451be_0.conda#7695788b82d4a8bca121b803a73ca245
https://repo.anaconda.com/pkgs/main/linux-aarch64/zstandard-0.24.0-py311ha8a8473_0.conda#df49566b98a3d7acc33b54c3e4984168
https://repo.anaconda.com/pkgs/main/linux-aarch64/pandas-2.3.3-py311he07b0ad_1.conda#025c140be781dcb197a3a61fd93e8515
https://repo.anaconda.com/pkgs/main/linux-aarch64/pydantic-2.12.3-py311hd43f75c_1.conda#0b20a8a0be392bb5a975bd7315654dee
https://repo.anaconda.com/pkgs/main/linux-aarch64/secretstorage-3.4.0-py311hafdef7f_0.conda#43af4a33fd17679415f8641d1495c405
https://repo.anaconda.com/pkgs/main/linux-aarch64/urllib3-2.5.0-py311hd43f75c_0.conda#151a174e91740c2c3745d70847e344f0
https://repo.anaconda.com/pkgs/main/linux-aarch64/dulwich-0.22.7-py311h657ad5b_0.conda#476fd638b890993b1c7cdf6d6a87b93c
https://repo.anaconda.com/pkgs/main/linux-aarch64/keyring-25.7.0-py311hd43f75c_0.conda#bcbca89d924b786f0628d2a6154dcec8
https://repo.anaconda.com/pkgs/main/linux-aarch64/requests-2.32.5-py311hd43f75c_1.conda#14c419554da1d41c23ce02b04054627f
https://repo.anaconda.com/pkgs/main/linux-aarch64/cachecontrol-0.14.3-py311hd43f75c_0.conda#daffe7ed8df95941e9abc0a568cc9faf
https://repo.anaconda.com/pkgs/main/linux-aarch64/ensureconda-1.4.7-py311hd43f75c_0.conda#88c795f3ac194dd5f7c8eb01a9dc66e5
https://repo.anaconda.com/pkgs/main/linux-aarch64/requests-toolbelt-1.0.0-py311hd43f75c_0.conda#d0741d1f7a585ac2d714d543dded7a21
https://repo.anaconda.com/pkgs/main/linux-aarch64/cachecontrol-with-filecache-0.14.3-py311hd43f75c_0.conda#c353a427422fe86e7213bd72254faa69
https://repo.anaconda.com/pkgs/main/linux-aarch64/conda-lock-3.0.4-py311hd43f75c_0.conda#27fb3075dc8e337e69a399b8926bc275
